
Microsoft Visual Studio Solution File, Format Version 12.00
# Visual Studio 15
VisualStudioVersion = 15.0.28307.136
MinimumVisualStudioVersion = 10.0.40219.1
Project("{9A19103F-16F7-4668-BE54-9A1E7A4F7556}") = "ReproApp", "ReproApp\ReproApp.csproj", "{EC86013D-02CE-481B-A8FC-353602020362}"
EndProject
Project("{FAE04EC0-301F-11D3-BF4B-00C04F79EFBC}") = "ReproApp.OldClient", "ReproApp.OldClient\ReproApp.OldClient.csproj", "{E32D7842-678C-475D-BA09-B2823F3EAFEE}"
EndProject
Global
	GlobalSection(SolutionConfigurationPlatforms) = preSolution
		Debug|Any CPU = Debug|Any CPU
		Release|Any CPU = Release|Any CPU
	EndGlobalSection
	GlobalSection(ProjectConfigurationPlatforms) = postSolution
		{EC86013D-02CE-481B-A8FC-353602020362}.Debug|Any CPU.ActiveCfg = Debug|Any CPU
		{EC86013D-02CE-481B-A8FC-353602020362}.Debug|Any CPU.Build.0 = Debug|Any CPU
		{EC86013D-02CE-481B-A8FC-353602020362}.Release|Any CPU.ActiveCfg = Release|Any CPU
		{EC86013D-02CE-481B-A8FC-353602020362}.Release|Any CPU.Build.0 = Release|Any CPU
		{E32D7842-678C-475D-BA09-B2823F3EAFEE}.Debug|Any CPU.ActiveCfg = Debug|Any CPU
		{E32D7842-678C-475D-BA09-B2823F3EAFEE}.Debug|Any CPU.Build.0 = Debug|Any CPU
		{E32D7842-678C-475D-BA09-B2823F3EAFEE}.Release|Any CPU.ActiveCfg = Release|Any CPU
		{E32D7842-678C-475D-BA09-B2823F3EAFEE}.Release|Any CPU.Build.0 = Release|Any CPU
	EndGlobalSection
	GlobalSection(SolutionProperties) = preSolution
		HideSolutionNode = FALSE
	EndGlobalSection
	GlobalSection(ExtensibilityGlobals) = postSolution
		SolutionGuid = {B76F2898-992A-407B-BA2C-3D6E9618F233}
	EndGlobalSection
EndGlobal
